
Microsoft Visual Studio Solution File, Format Version 12.00
# Visual Studio 14
VisualStudioVersion = 14.0.25420.1
MinimumVisualStudioVersion = 10.0.40219.1
Project("{FAE04EC0-301F-11D3-BF4B-00C04F79EFBC}") = "SalesOrderCompletion", "SalesOrderCompletion\SalesOrderCompletion.csproj", "{91149266-E1AE-42C5-9743-C73CEB6E116C}"
EndProject
Global
	GlobalSection(SolutionConfigurationPlatforms) = preSolution
		Debug|Any CPU = Debug|Any CPU
		Release|Any CPU = Release|Any CPU
	EndGlobalSection
	GlobalSection(ProjectConfigurationPlatforms) = postSolution
		{91149266-E1AE-42C5-9743-C73CEB6E116C}.Debug|Any CPU.ActiveCfg = Debug|Any CPU
		{91149266-E1AE-42C5-9743-C73CEB6E116C}.Debug|Any CPU.Build.0 = Debug|Any CPU
		{91149266-E1AE-42C5-9743-C73CEB6E116C}.Release|Any CPU.ActiveCfg = Release|Any CPU
		{91149266-E1AE-42C5-9743-C73CEB6E116C}.Release|Any CPU.Build.0 = Release|Any CPU
	EndGlobalSection
	GlobalSection(SolutionProperties) = preSolution
		HideSolutionNode = FALSE
	EndGlobalSection
EndGlobal
